// !$*UTF8*$!
{
	archiveVersion = 1;
	classes = {
	};
	objectVersion = 50;
	objects = {

/* Begin PBXBuildFile section */
		BF3E6C14209311DA006479A5 /* AppDelegate.m in Sources */ = {isa = PBXBuildFile; fileRef = BF3E6C13209311DA006479A5 /* AppDelegate.m */; };
		BF3E6C17209311DA006479A5 /* ViewController.m in Sources */ = {isa = PBXBuildFile; fileRef = BF3E6C16209311DA006479A5 /* ViewController.m */; };
		BF3E6C1A209311DA006479A5 /* Main.storyboard in Resources */ = {isa = PBXBuildFile; fileRef = BF3E6C18209311DA006479A5 /* Main.storyboard */; };
		BF3E6C1C209311E6006479A5 /* Assets.xcassets in Resources */ = {isa = PBXBuildFile; fileRef = BF3E6C1B209311E6006479A5 /* Assets.xcassets */; };
		BF3E6C1F209311E6006479A5 /* LaunchScreen.storyboard in Resources */ = {isa = PBXBuildFile; fileRef = BF3E6C1D209311E6006479A5 /* LaunchScreen.storyboard */; };
		BF3E6C22209311E6006479A5 /* main.m in Sources */ = {isa = PBXBuildFile; fileRef = BF3E6C21209311E6006479A5 /* main.m */; };
		BF3E6C2B20931225006479A5 /* Test.swift in Sources */ = {isa = PBXBuildFile; fileRef = BF3E6C2A20931225006479A5 /* Test.swift */; };
		BF3E6C2D20931715006479A5 /* TestOne.swift in Sources */ = {isa = PBXBuildFile; fileRef = BF3E6C2C20931715006479A5 /* TestOne.swift */; };
		BF3E6C2F20932DA3006479A5 /* TestTwo.swift in Sources */ = {isa = PBXBuildFile; fileRef = BF3E6C2E20932DA3006479A5 /* TestTwo.swift */; };
/* End PBXBuildFile section */

/* Begin PBXFileReference section */
		BF3E6C0F209311DA006479A5 /* OCBridgeSwift.app */ = {isa = PBXFileReference; explicitFileType = wrapper.application; includeInIndex = 0; path = OCBridgeSwift.app; sourceTree = BUILT_PRODUCTS_DIR; };
		BF3E6C12209311DA006479A5 /* AppDelegate.h */ = {isa = PBXFileReference; lastKnownFileType = sourcecode.c.h; path = AppDelegate.h; sourceTree = "<group>"; };
		BF3E6C13209311DA006479A5 /* AppDelegate.m */ = {isa = PBXFileReference; lastKnownFileType = sourcecode.c.objc; path = AppDelegate.m; sourceTree = "<group>"; };
		BF3E6C15209311DA006479A5 /* ViewController.h */ = {isa = PBXFileReference; lastKnownFileType = sourcecode.c.h; path = ViewController.h; sourceTree = "<group>"; };
		BF3E6C16209311DA006479A5 /* ViewController.m */ = {isa = PBXFileReference; lastKnownFileType = sourcecode.c.objc; path = ViewController.m; sourceTree = "<group>"; };
		BF3E6C19209311DA006479A5 /* Base */ = {isa = PBXFileReference; lastKnownFileType = file.storyboard; name = Base; path = Base.lproj/Main.storyboard; sourceTree = "<group>"; };
		BF3E6C1B209311E6006479A5 /* Assets.xcassets */ = {isa = PBXFileReference; lastKnownFileType = folder.assetcatalog; path = Assets.xcassets; sourceTree = "<group>"; };
		BF3E6C1E209311E6006479A5 /* Base */ = {isa = PBXFileReference; lastKnownFileType = file.storyboard; name = Base; path = Base.lproj/LaunchScreen.storyboard; sourceTree = "<group>"; };
		BF3E6C20209311E6006479A5 /* Info.plist */ = {isa = PBXFileReference; lastKnownFileType = text.plist.xml; path = Info.plist; sourceTree = "<group>"; };
		BF3E6C21209311E6006479A5 /* main.m */ = {isa = PBXFileReference; lastKnownFileType = sourcecode.c.objc; path = main.m; sourceTree = "<group>"; };
		BF3E6C2920931225006479A5 /* OCBridgeSwift-Bridging-Header.h */ = {isa = PBXFileReference; lastKnownFileType = sourcecode.c.h; path = "OCBridgeSwift-Bridging-Header.h"; sourceTree = "<group>"; };
		BF3E6C2A20931225006479A5 /* Test.swift */ = {isa = PBXFileReference; lastKnownFileType = sourcecode.swift; path = Test.swift; sourceTree = "<group>"; };
		BF3E6C2C20931715006479A5 /* TestOne.swift */ = {isa = PBXFileReference; lastKnownFileType = sourcecode.swift; path = TestOne.swift; sourceTree = "<group>"; };
		BF3E6C2E20932DA3006479A5 /* TestTwo.swift */ = {isa = PBXFileReference; lastKnownFileType = sourcecode.swift; path = TestTwo.swift; sourceTree = "<group>"; };
/* End PBXFileReference section */

/* Begin PBXFrameworksBuildPhase section */
		BF3E6C0C209311DA006479A5 /* Frameworks */ = {
			isa = PBXFrameworksBuildPhase;
			buildActionMask = 2147483647;
			files = (
			);
			runOnlyForDeploymentPostprocessing = 0;
		};
/* End PBXFrameworksBuildPhase section */

/* Begin PBXGroup section */
		BF3E6C06209311DA006479A5 = {
			isa = PBXGroup;
			children = (
				BF3E6C11209311DA006479A5 /* OCBridgeSwift */,
				BF3E6C10209311DA006479A5 /* Products */,
			);
			sourceTree = "<group>";
		};
		BF3E6C10209311DA006479A5 /* Products */ = {
			isa = PBXGroup;
			children = (
				BF3E6C0F209311DA006479A5 /* OCBridgeSwift.app */,
			);
			name = Products;
			sourceTree = "<group>";
		};
		BF3E6C11209311DA006479A5 /* OCBridgeSwift */ = {
			isa = PBXGroup;
			children = (
				BF3E6C28209311F6006479A5 /* Swift */,
				BF3E6C12209311DA006479A5 /* AppDelegate.h */,
				BF3E6C13209311DA006479A5 /* AppDelegate.m */,
				BF3E6C15209311DA006479A5 /* ViewController.h */,
				BF3E6C16209311DA006479A5 /* ViewController.m */,
				BF3E6C18209311DA006479A5 /* Main.storyboard */,
				BF3E6C1B209311E6006479A5 /* Assets.xcassets */,
				BF3E6C1D209311E6006479A5 /* LaunchScreen.storyboard */,
				BF3E6C20209311E6006479A5 /* Info.plist */,
				BF3E6C21209311E6006479A5 /* main.m */,
			);
			path = OCBridgeSwift;
			sourceTree = "<group>";
		};
		BF3E6C28209311F6006479A5 /* Swift */ = {
			isa = PBXGroup;
			children = (
				BF3E6C2A20931225006479A5 /* Test.swift */,
				BF3E6C2920931225006479A5 /* OCBridgeSwift-Bridging-Header.h */,
				BF3E6C2C20931715006479A5 /* TestOne.swift */,
				BF3E6C2E20932DA3006479A5 /* TestTwo.swift */,
			);
			path = Swift;
			sourceTree = "<group>";
		};
/* End PBXGroup section */

/* Begin PBXNativeTarget section */
		BF3E6C0E209311DA006479A5 /* OCBridgeSwift */ = {
			isa = PBXNativeTarget;
			buildConfigurationList = BF3E6C25209311E6006479A5 /* Build configuration list for PBXNativeTarget "OCBridgeSwift" */;
			buildPhases = (
				BF3E6C0B209311DA006479A5 /* Sources */,
				BF3E6C0C209311DA006479A5 /* Frameworks */,
				BF3E6C0D209311DA006479A5 /* Resources */,
			);
			buildRules = (
			);
			dependencies = (
			);
			name = OCBridgeSwift;
			productName = OCBridgeSwift;
			productReference = BF3E6C0F209311DA006479A5 /* OCBridgeSwift.app */;
			productType = "com.apple.product-type.application";
		};
/* End PBXNativeTarget section */

/* Begin PBXProject section */
		BF3E6C07209311DA006479A5 /* Project object */ = {
			isa = PBXProject;
			attributes = {
				LastUpgradeCheck = 0930;
				ORGANIZATIONNAME = gh;
				TargetAttributes = {
					BF3E6C0E209311DA006479A5 = {
						CreatedOnToolsVersion = 9.3;
						LastSwiftMigration = 0930;
					};
				};
			};
			buildConfigurationList = BF3E6C0A209311DA006479A5 /* Build configuration list for PBXProject "OCBridgeSwift" */;
			compatibilityVersion = "Xcode 9.3";
			developmentRegion = en;
			hasScannedForEncodings = 0;
			knownRegions = (
				en,
				Base,
			);
			mainGroup = BF3E6C06209311DA006479A5;
			productRefGroup = BF3E6C10209311DA006479A5 /* Products */;
			projectDirPath = "";
			projectRoot = "";
			targets = (
				BF3E6C0E209311DA006479A5 /* OCBridgeSwift */,
			);
		};
/* End PBXProject section */

/* Begin PBXResourcesBuildPhase section */
		BF3E6C0D209311DA006479A5 /* Resources */ = {
			isa = PBXResourcesBuildPhase;
			buildActionMask = 2147483647;
			files = (
				BF3E6C1F209311E6006479A5 /* LaunchScreen.storyboard in Resources */,
				BF3E6C1C209311E6006479A5 /* Assets.xcassets in Resources */,
				BF3E6C1A209311DA006479A5 /* Main.storyboard in Resources */,
			);
			runOnlyForDeploymentPostprocessing = 0;
		};
/* End PBXResourcesBuildPhase section */

/* Begin PBXSourcesBuildPhase section */
		BF3E6C0B209311DA006479A5 /* Sources */ = {
			isa = PBXSourcesBuildPhase;
			buildActionMask = 2147483647;
			files = (
				BF3E6C2F20932DA3006479A5 /* TestTwo.swift in Sources */,
				BF3E6C17209311DA006479A5 /* ViewController.m in Sources */,
				BF3E6C2B20931225006479A5 /* Test.swift in Sources */,
				BF3E6C22209311E6006479A5 /* main.m in Sources */,
				BF3E6C2D20931715006479A5 /* TestOne.swift in Sources */,
				BF3E6C14209311DA006479A5 /* AppDelegate.m in Sources */,
			);
			runOnlyForDeploymentPostprocessing = 0;
		};
/* End PBXSourcesBuildPhase section */

/* Begin PBXVariantGroup section */
		BF3E6C18209311DA006479A5 /* Main.storyboard */ = {
			isa = PBXVariantGroup;
			children = (
				BF3E6C19209311DA006479A5 /* Base */,
			);
			name = Main.storyboard;
			sourceTree = "<group>";
		};
		BF3E6C1D209311E6006479A5 /* LaunchScreen.storyboard */ = {
			isa = PBXVariantGroup;
			children = (
				BF3E6C1E209311E6006479A5 /* Base */,
			);
			name = LaunchScreen.storyboard;
			sourceTree = "<group>";
		};
/* End PBXVariantGroup section */

/* Begin XCBuildConfiguration section */
		BF3E6C23209311E6006479A5 /* Debug */ = {
			isa = XCBuildConfiguration;
			buildSettings = {
				ALWAYS_SEARCH_USER_PATHS = NO;
				CLANG_ANALYZER_NONNULL = YES;
				CLANG_ANALYZER_NUMBER_OBJECT_CONVERSION = YES_AGGRESSIVE;
				CLANG_CXX_LANGUAGE_STANDARD = "gnu++14";
				CLANG_CXX_LIBRARY = "libc++";
				CLANG_ENABLE_MODULES = YES;
				CLANG_ENABLE_OBJC_ARC = YES;
				CLANG_ENABLE_OBJC_WEAK = YES;
				CLANG_WARN_BLOCK_CAPTURE_AUTORELEASING = YES;
				CLANG_WARN_BOOL_CONVERSION = YES;
				CLANG_WARN_COMMA = YES;
				CLANG_WARN_CONSTANT_CONVERSION = YES;
				CLANG_WARN_DEPRECATED_OBJC_IMPLEMENTATIONS = YES;
				CLANG_WARN_DIRECT_OBJC_ISA_USAGE = YES_ERROR;
				CLANG_WARN_DOCUMENTATION_COMMENTS = YES;
				CLANG_WARN_EMPTY_BODY = YES;
				CLANG_WARN_ENUM_CONVERSION = YES;
				CLANG_WARN_INFINITE_RECURSION = YES;
				CLANG_WARN_INT_CONVERSION = YES;
				CLANG_WARN_NON_LITERAL_NULL_CONVERSION = YES;
				CLANG_WARN_OBJC_IMPLICIT_RETAIN_SELF = YES;
				CLANG_WARN_OBJC_LITERAL_CONVERSION = YES;
				CLANG_WARN_OBJC_ROOT_CLASS = YES_ERROR;
				CLANG_WARN_RANGE_LOOP_ANALYSIS = YES;
				CLANG_WARN_STRICT_PROTOTYPES = YES;
				CLANG_WARN_SUSPICIOUS_MOVE = YES;
				CLANG_WARN_UNGUARDED_AVAILABILITY = YES_AGGRESSIVE;
				CLANG_WARN_UNREACHABLE_CODE = YES;
				CLANG_WARN__DUPLICATE_METHOD_MATCH = YES;
				CODE_SIGN_IDENTITY = "iPhone Developer";
				COPY_PHASE_STRIP = NO;
				DEBUG_INFORMATION_FORMAT = dwarf;
				ENABLE_STRICT_OBJC_MSGSEND = YES;
				ENABLE_TESTABILITY = YES;
				GCC_C_LANGUAGE_STANDARD = gnu11;
				GCC_DYNAMIC_NO_PIC = NO;
				GCC_NO_COMMON_BLOCKS = YES;
				GCC_OPTIMIZATION_LEVEL = 0;
				GCC_PREPROCESSOR_DEFINITIONS = (
					"DEBUG=1",
					"$(inherited)",
				);
				GCC_WARN_64_TO_32_BIT_CONVERSION = YES;
				GCC_WARN_ABOUT_RETURN_TYPE = YES_ERROR;
				GCC_WARN_UNDECLARED_SELECTOR = YES;
				GCC_WARN_UNINITIALIZED_AUTOS = YES_AGGRESSIVE;
				GCC_WARN_UNUSED_FUNCTION = YES;
				GCC_WARN_UNUSED_VARIABLE = YES;
				IPHONEOS_DEPLOYMENT_TARGET = 11.3;
				MTL_ENABLE_DEBUG_INFO = YES;
				ONLY_ACTIVE_ARCH = YES;
				SDKROOT = iphoneos;
			};
			name = Debug;
		};
		BF3E6C24209311E6006479A5 /* Release */ = {
			isa = XCBuildConfiguration;
			buildSettings = {
				ALWAYS_SEARCH_USER_PATHS = NO;
				CLANG_ANALYZER_NONNULL = YES;
				CLANG_ANALYZER_NUMBER_OBJECT_CONVERSION = YES_AGGRESSIVE;
				CLANG_CXX_LANGUAGE_STANDARD = "gnu++14";
				CLANG_CXX_LIBRARY = "libc++";
				CLANG_ENABLE_MODULES = YES;
				CLANG_ENABLE_OBJC_ARC = YES;
				CLANG_ENABLE_OBJC_WEAK = YES;
				CLANG_WARN_BLOCK_CAPTURE_AUTORELEASING = YES;
				CLANG_WARN_BOOL_CONVERSION = YES;
				CLANG_WARN_COMMA = YES;
				CLANG_WARN_CONSTANT_CONVERSION = YES;
				CLANG_WARN_DEPRECATED_OBJC_IMPLEMENTATIONS = YES;
				CLANG_WARN_DIRECT_OBJC_ISA_USAGE = YES_ERROR;
				CLANG_WARN_DOCUMENTATION_COMMENTS = YES;
				CLANG_WARN_EMPTY_BODY = YES;
				CLANG_WARN_ENUM_CONVERSION = YES;
				CLANG_WARN_INFINITE_RECURSION = YES;
				CLANG_WARN_INT_CONVERSION = YES;
				CLANG_WARN_NON_LITERAL_NULL_CONVERSION = YES;
				CLANG_WARN_OBJC_IMPLICIT_RETAIN_SELF = YES;
				CLANG_WARN_OBJC_LITERAL_CONVERSION = YES;
				CLANG_WARN_OBJC_ROOT_CLASS = YES_ERROR;
				CLANG_WARN_RANGE_LOOP_ANALYSIS = YES;
				CLANG_WARN_STRICT_PROTOTYPES = YES;
				CLANG_WARN_SUSPICIOUS_MOVE = YES;
				CLANG_WARN_UNGUARDED_AVAILABILITY = YES_AGGRESSIVE;
				CLANG_WARN_UNREACHABLE_CODE = YES;
				CLANG_WARN__DUPLICATE_METHOD_MATCH = YES;
				CODE_SIGN_IDENTITY = "iPhone Developer";
				COPY_PHASE_STRIP = NO;
				DEBUG_INFORMATION_FORMAT = "dwarf-with-dsym";
				ENABLE_NS_ASSERTIONS = NO;
				ENABLE_STRICT_OBJC_MSGSEND = YES;
				GCC_C_LANGUAGE_STANDARD = gnu11;
				GCC_NO_COMMON_BLOCKS = YES;
				GCC_WARN_64_TO_32_BIT_CONVERSION = YES;
				GCC_WARN_ABOUT_RETURN_TYPE = YES_ERROR;
				GCC_WARN_UNDECLARED_SELECTOR = YES;
				GCC_WARN_UNINITIALIZED_AUTOS = YES_AGGRESSIVE;
				GCC_WARN_UNUSED_FUNCTION = YES;
				GCC_WARN_UNUSED_VARIABLE = YES;
				IPHONEOS_DEPLOYMENT_TARGET = 11.3;
				MTL_ENABLE_DEBUG_INFO = NO;
				SDKROOT = iphoneos;
				VALIDATE_PRODUCT = YES;
			};
			name = Release;
		};
		BF3E6C26209311E6006479A5 /* Debug */ = {
			isa = XCBuildConfiguration;
			buildSettings = {
				ASSETCATALOG_COMPILER_APPICON_NAME = AppIcon;
				CLANG_ENABLE_MODULES = YES;
				CODE_SIGN_STYLE = Automatic;
				DEFINES_MODULE = YES;
				DEVELOPMENT_TEAM = 8BV3999M6N;
				INFOPLIST_FILE = OCBridgeSwift/Info.plist;
				IPHONEOS_DEPLOYMENT_TARGET = 9.0;
				LD_RUNPATH_SEARCH_PATHS = (
					"$(inherited)",
					"@executable_path/Frameworks",
				);
				PRODUCT_BUNDLE_IDENTIFIER = gh.OCBridgeSwift;
				PRODUCT_NAME = "$(TARGET_NAME)";
				SWIFT_OBJC_BRIDGING_HEADER = "OCBridgeSwift/Swift/OCBridgeSwift-Bridging-Header.h";
				SWIFT_OPTIMIZATION_LEVEL = "-Onone";
				SWIFT_VERSION = 3.0;
				TARGETED_DEVICE_FAMILY = "1,2";
			};
			name = Debug;
		};
		BF3E6C27209311E6006479A5 /* Release */ = {
			isa = XCBuildConfiguration;
			buildSettings = {
				ASSETCATALOG_COMPILER_APPICON_NAME = AppIcon;
				CLANG_ENABLE_MODULES = YES;
				CODE_SIGN_STYLE = Automatic;
				DEFINES_MODULE = YES;
				DEVELOPMENT_TEAM = 8BV3999M6N;
				INFOPLIST_FILE = OCBridgeSwift/Info.plist;
				IPHONEOS_DEPLOYMENT_TARGET = 9.0;
				LD_RUNPATH_SEARCH_PATHS = (
					"$(inherited)",
					"@executable_path/Frameworks",
				);
				PRODUCT_BUNDLE_IDENTIFIER = gh.OCBridgeSwift;
				PRODUCT_NAME = "$(TARGET_NAME)";
				SWIFT_OBJC_BRIDGING_HEADER = "OCBridgeSwift/Swift/OCBridgeSwift-Bridging-Header.h";
				SWIFT_VERSION = 3.0;
				TARGETED_DEVICE_FAMILY = "1,2";
			};
			name = Release;
		};
/* End XCBuildConfiguration section */

/* Begin XCConfigurationList section */
		BF3E6C0A209311DA006479A5 /* Build configuration list for PBXProject "OCBridgeSwift" */ = {
			isa = XCConfigurationList;
			buildConfigurations = (
				BF3E6C23209311E6006479A5 /* Debug */,
				BF3E6C24209311E6006479A5 /* Release */,
			);
			defaultConfigurationIsVisible = 0;
			defaultConfigurationName = Release;
		};
		BF3E6C25209311E6006479A5 /* Build configuration list for PBXNativeTarget "OCBridgeSwift" */ = {
			isa = XCConfigurationList;
			buildConfigurations = (
				BF3E6C26209311E6006479A5 /* Debug */,
				BF3E6C27209311E6006479A5 /* Release */,
			);
			defaultConfigurationIsVisible = 0;
			defaultConfigurationName = Release;
		};
/* End XCConfigurationList section */
	};
	rootObject = BF3E6C07209311DA006479A5 /* Project object */;
}
